<Solution>
  <Folder Name="/src/">
    <Project Path="src/MuPegaso.Core/MuPegaso.Core.csproj" />
    <Project Path="src/MuPegaso.DataAccess/MuPegaso.DataAccess.csproj" />
    <Project Path="src/MuPegaso.GameServer/MuPegaso.GameServer.csproj" />
    <Project Path="src/MuPegaso.Network/MuPegaso.Network.csproj" />
    <Project Path="src/MuPegaso.World/MuPegaso.World.csproj" />
  </Folder>
  <Folder Name="/tests/">
    <Project Path="tests/MuPegaso.Tests/MuPegaso.Tests.csproj" />
  </Folder>
</Solution>
